
Microsoft Visual Studio Solution File, Format Version 12.00
# Visual Studio Version 16
VisualStudioVersion = 16.0.32407.337
MinimumVisualStudioVersion = 10.0.40219.1
Project("{FAE04EC0-301F-11D3-BF4B-00C04F79EFBC}") = "SchoolManagementClient", "SchoolManagementClient.csproj", "{006B9296-B256-4B95-BCB8-D0D8B46001FD}"
EndProject
Global
	GlobalSection(SolutionConfigurationPlatforms) = preSolution
		Debug|Any CPU = Debug|Any CPU
		Release|Any CPU = Release|Any CPU
	EndGlobalSection
	GlobalSection(ProjectConfigurationPlatforms) = postSolution
		{006B9296-B256-4B95-BCB8-D0D8B46001FD}.Debug|Any CPU.ActiveCfg = Debug|Any CPU
		{006B9296-B256-4B95-BCB8-D0D8B46001FD}.Debug|Any CPU.Build.0 = Debug|Any CPU
		{006B9296-B256-4B95-BCB8-D0D8B46001FD}.Release|Any CPU.ActiveCfg = Release|Any CPU
		{006B9296-B256-4B95-BCB8-D0D8B46001FD}.Release|Any CPU.Build.0 = Release|Any CPU
	EndGlobalSection
	GlobalSection(SolutionProperties) = preSolution
		HideSolutionNode = FALSE
	EndGlobalSection
	GlobalSection(ExtensibilityGlobals) = postSolution
		SolutionGuid = {5900ECCB-A5FB-46C3-9565-8F7F04EFB695}
	EndGlobalSection
EndGlobal
